
Microsoft Visual Studio Solution File, Format Version 12.00
# Visual Studio Version 17
VisualStudioVersion = 17.0.31903.59
MinimumVisualStudioVersion = 10.0.40219.1
Project("{FAE04EC0-301F-11D3-BF4B-00C04F79EFBC}") = "API", "API\API.csproj", "{9ECDDD2D-C2E8-4998-9588-CEA256386DCD}"
EndProject
Project("{FAE04EC0-301F-11D3-BF4B-00C04F79EFBC}") = "Core", "Core\Core.csproj", "{A33495E8-33CE-4526-B51F-A332057ADC70}"
EndProject
Project("{FAE04EC0-301F-11D3-BF4B-00C04F79EFBC}") = "Infrastructure", "Infrastructure\Infrastructure.csproj", "{8C5AA7EA-ABAB-4D89-B406-84AFF26AE18E}"
EndProject
Global
	GlobalSection(SolutionConfigurationPlatforms) = preSolution
		Debug|Any CPU = Debug|Any CPU
		Release|Any CPU = Release|Any CPU
	EndGlobalSection
	GlobalSection(SolutionProperties) = preSolution
		HideSolutionNode = FALSE
	EndGlobalSection
	GlobalSection(ProjectConfigurationPlatforms) = postSolution
		{9ECDDD2D-C2E8-4998-9588-CEA256386DCD}.Debug|Any CPU.ActiveCfg = Debug|Any CPU
		{9ECDDD2D-C2E8-4998-9588-CEA256386DCD}.Debug|Any CPU.Build.0 = Debug|Any CPU
		{9ECDDD2D-C2E8-4998-9588-CEA256386DCD}.Release|Any CPU.ActiveCfg = Release|Any CPU
		{9ECDDD2D-C2E8-4998-9588-CEA256386DCD}.Release|Any CPU.Build.0 = Release|Any CPU
		{A33495E8-33CE-4526-B51F-A332057ADC70}.Debug|Any CPU.ActiveCfg = Debug|Any CPU
		{A33495E8-33CE-4526-B51F-A332057ADC70}.Debug|Any CPU.Build.0 = Debug|Any CPU
		{A33495E8-33CE-4526-B51F-A332057ADC70}.Release|Any CPU.ActiveCfg = Release|Any CPU
		{A33495E8-33CE-4526-B51F-A332057ADC70}.Release|Any CPU.Build.0 = Release|Any CPU
		{8C5AA7EA-ABAB-4D89-B406-84AFF26AE18E}.Debug|Any CPU.ActiveCfg = Debug|Any CPU
		{8C5AA7EA-ABAB-4D89-B406-84AFF26AE18E}.Debug|Any CPU.Build.0 = Debug|Any CPU
		{8C5AA7EA-ABAB-4D89-B406-84AFF26AE18E}.Release|Any CPU.ActiveCfg = Release|Any CPU
		{8C5AA7EA-ABAB-4D89-B406-84AFF26AE18E}.Release|Any CPU.Build.0 = Release|Any CPU
	EndGlobalSection
EndGlobal
